
Microsoft Visual Studio Solution File, Format Version 12.00
# Visual Studio 14
VisualStudioVersion = 14.0.25420.1
MinimumVisualStudioVersion = 10.0.40219.1
Project("{FAE04EC0-301F-11D3-BF4B-00C04F79EFBC}") = "ClassLibrary", "ClassLibrary\ClassLibrary.csproj", "{1AA0BAAC-115E-40BA-BC63-D332BF420AFD}"
EndProject
Project("{FAE04EC0-301F-11D3-BF4B-00C04F79EFBC}") = "TubitetWebAPI", "TubitetWebAPI\TubitetWebAPI.csproj", "{5CCC896B-3394-4563-BCBA-D7EC63615B77}"
EndProject
Project("{FAE04EC0-301F-11D3-BF4B-00C04F79EFBC}") = "TubitetBackEnd", "TubitetBackEnd\TubitetBackEnd.csproj", "{AE40CDCF-F6CF-489B-8D68-5D0D74E140B4}"
EndProject
Global
	GlobalSection(SolutionConfigurationPlatforms) = preSolution
		Debug|Any CPU = Debug|Any CPU
		Release|Any CPU = Release|Any CPU
	EndGlobalSection
	GlobalSection(ProjectConfigurationPlatforms) = postSolution
		{1AA0BAAC-115E-40BA-BC63-D332BF420AFD}.Debug|Any CPU.ActiveCfg = Debug|Any CPU
		{1AA0BAAC-115E-40BA-BC63-D332BF420AFD}.Debug|Any CPU.Build.0 = Debug|Any CPU
		{1AA0BAAC-115E-40BA-BC63-D332BF420AFD}.Release|Any CPU.ActiveCfg = Release|Any CPU
		{1AA0BAAC-115E-40BA-BC63-D332BF420AFD}.Release|Any CPU.Build.0 = Release|Any CPU
		{5CCC896B-3394-4563-BCBA-D7EC63615B77}.Debug|Any CPU.ActiveCfg = Debug|Any CPU
		{5CCC896B-3394-4563-BCBA-D7EC63615B77}.Debug|Any CPU.Build.0 = Debug|Any CPU
		{5CCC896B-3394-4563-BCBA-D7EC63615B77}.Release|Any CPU.ActiveCfg = Release|Any CPU
		{5CCC896B-3394-4563-BCBA-D7EC63615B77}.Release|Any CPU.Build.0 = Release|Any CPU
		{AE40CDCF-F6CF-489B-8D68-5D0D74E140B4}.Debug|Any CPU.ActiveCfg = Debug|Any CPU
		{AE40CDCF-F6CF-489B-8D68-5D0D74E140B4}.Debug|Any CPU.Build.0 = Debug|Any CPU
		{AE40CDCF-F6CF-489B-8D68-5D0D74E140B4}.Release|Any CPU.ActiveCfg = Release|Any CPU
		{AE40CDCF-F6CF-489B-8D68-5D0D74E140B4}.Release|Any CPU.Build.0 = Release|Any CPU
	EndGlobalSection
	GlobalSection(SolutionProperties) = preSolution
		HideSolutionNode = FALSE
	EndGlobalSection
EndGlobal
